
Microsoft Visual Studio Solution File, Format Version 12.00
# Visual Studio 15
VisualStudioVersion = 15.0.27428.2037
MinimumVisualStudioVersion = 10.0.40219.1
Project("{9A19103F-16F7-4668-BE54-9A1E7A4F7556}") = "IctBaden.Stonehenge3", "IctBaden.Stonehenge3\IctBaden.Stonehenge3.csproj", "{6EDD2AF6-4B40-47E8-AF90-599EC3986A58}"
EndProject
Project("{9A19103F-16F7-4668-BE54-9A1E7A4F7556}") = "IctBaden.Stonehenge3.Aurelia.Sample", "IctBaden.Stonehenge3.Aurelia.Sample\IctBaden.Stonehenge3.Aurelia.Sample.csproj", "{565F4D3F-D2EC-4E0C-90A7-C56919AAE1E7}"
EndProject
Project("{9A19103F-16F7-4668-BE54-9A1E7A4F7556}") = "IctBaden.Stonehenge3.Kestrel", "IctBaden.Stonehenge3.Kestrel\IctBaden.Stonehenge3.Kestrel.csproj", "{AE823FE8-F7F0-4FC2-849C-D7C8DEB7FD58}"
EndProject
Global
	GlobalSection(SolutionConfigurationPlatforms) = preSolution
		Debug|Any CPU = Debug|Any CPU
		Release|Any CPU = Release|Any CPU
	EndGlobalSection
	GlobalSection(ProjectConfigurationPlatforms) = postSolution
		{6EDD2AF6-4B40-47E8-AF90-599EC3986A58}.Debug|Any CPU.ActiveCfg = Debug|Any CPU
		{6EDD2AF6-4B40-47E8-AF90-599EC3986A58}.Debug|Any CPU.Build.0 = Debug|Any CPU
		{6EDD2AF6-4B40-47E8-AF90-599EC3986A58}.Release|Any CPU.ActiveCfg = Release|Any CPU
		{6EDD2AF6-4B40-47E8-AF90-599EC3986A58}.Release|Any CPU.Build.0 = Release|Any CPU
		{565F4D3F-D2EC-4E0C-90A7-C56919AAE1E7}.Debug|Any CPU.ActiveCfg = Debug|Any CPU
		{565F4D3F-D2EC-4E0C-90A7-C56919AAE1E7}.Debug|Any CPU.Build.0 = Debug|Any CPU
		{565F4D3F-D2EC-4E0C-90A7-C56919AAE1E7}.Release|Any CPU.ActiveCfg = Release|Any CPU
		{565F4D3F-D2EC-4E0C-90A7-C56919AAE1E7}.Release|Any CPU.Build.0 = Release|Any CPU
		{AE823FE8-F7F0-4FC2-849C-D7C8DEB7FD58}.Debug|Any CPU.ActiveCfg = Debug|Any CPU
		{AE823FE8-F7F0-4FC2-849C-D7C8DEB7FD58}.Debug|Any CPU.Build.0 = Debug|Any CPU
		{AE823FE8-F7F0-4FC2-849C-D7C8DEB7FD58}.Release|Any CPU.ActiveCfg = Release|Any CPU
		{AE823FE8-F7F0-4FC2-849C-D7C8DEB7FD58}.Release|Any CPU.Build.0 = Release|Any CPU
	EndGlobalSection
	GlobalSection(SolutionProperties) = preSolution
		HideSolutionNode = FALSE
	EndGlobalSection
	GlobalSection(ExtensibilityGlobals) = postSolution
		SolutionGuid = {B9539958-55F6-4A19-87BE-4F17022BBFC2}
	EndGlobalSection
EndGlobal
